// !$*UTF8*$!
{
	archiveVersion = 1;
	classes = {
	};
	objectVersion = 56;
	objects = {

/* Begin PBXBuildFile section */
		2C1A4CEA2A7F53A900C27B0F /* AppDelegate.swift in Sources */ = {isa = PBXBuildFile; fileRef = 2C1A4CE92A7F53A900C27B0F /* AppDelegate.swift */; };
		2C1A4CEC2A7F53A900C27B0F /* SceneDelegate.swift in Sources */ = {isa = PBXBuildFile; fileRef = 2C1A4CEB2A7F53A900C27B0F /* SceneDelegate.swift */; };
		2C1A4CEE2A7F53A900C27B0F /* LoginViewController.swift in Sources */ = {isa = PBXBuildFile; fileRef = 2C1A4CED2A7F53A900C27B0F /* LoginViewController.swift */; };
		2C1A4CF32A7F53AB00C27B0F /* Assets.xcassets in Resources */ = {isa = PBXBuildFile; fileRef = 2C1A4CF22A7F53AB00C27B0F /* Assets.xcassets */; };
		2C1A4CF62A7F53AB00C27B0F /* LaunchScreen.storyboard in Resources */ = {isa = PBXBuildFile; fileRef = 2C1A4CF42A7F53AB00C27B0F /* LaunchScreen.storyboard */; };
		2C1A4D012A7F53AB00C27B0F /* FridgeKeeperTests.swift in Sources */ = {isa = PBXBuildFile; fileRef = 2C1A4D002A7F53AB00C27B0F /* FridgeKeeperTests.swift */; };
		2C1A4D0B2A7F53AB00C27B0F /* FridgeKeeperUITests.swift in Sources */ = {isa = PBXBuildFile; fileRef = 2C1A4D0A2A7F53AB00C27B0F /* FridgeKeeperUITests.swift */; };
		2C1A4D0D2A7F53AB00C27B0F /* FridgeKeeperUITestsLaunchTests.swift in Sources */ = {isa = PBXBuildFile; fileRef = 2C1A4D0C2A7F53AB00C27B0F /* FridgeKeeperUITestsLaunchTests.swift */; };
		2C269B792A958301000A3BD5 /* Keys.swift in Sources */ = {isa = PBXBuildFile; fileRef = 2C269B782A958301000A3BD5 /* Keys.swift */; };
		2C269B7B2A95839D000A3BD5 /* Keys.plist in Resources */ = {isa = PBXBuildFile; fileRef = 2C269B7A2A95839D000A3BD5 /* Keys.plist */; };
		2C269B7D2A95846E000A3BD5 /* NetworkManager.swift in Sources */ = {isa = PBXBuildFile; fileRef = 2C269B7C2A95846E000A3BD5 /* NetworkManager.swift */; };
		2C269B832A958F6F000A3BD5 /* GoogleService-Info.plist in Resources */ = {isa = PBXBuildFile; fileRef = 2C269B822A958F6F000A3BD5 /* GoogleService-Info.plist */; };
		2C3C29702A97F30C00F32C65 /* CustomSearchBar.swift in Sources */ = {isa = PBXBuildFile; fileRef = 2C3C296F2A97F30C00F32C65 /* CustomSearchBar.swift */; };
		2C8956312A97A061001A7A5E /* IngredientFilterCell.swift in Sources */ = {isa = PBXBuildFile; fileRef = 2C8956302A97A061001A7A5E /* IngredientFilterCell.swift */; };
		2CCB02F92A93AD4D002773E2 /* HomeTabBarViewController.swift in Sources */ = {isa = PBXBuildFile; fileRef = 2CCB02F82A93AD4D002773E2 /* HomeTabBarViewController.swift */; };
		2CCB02FB2A93B104002773E2 /* HomeViewController.swift in Sources */ = {isa = PBXBuildFile; fileRef = 2CCB02FA2A93B104002773E2 /* HomeViewController.swift */; };
		2CCB02FD2A93B116002773E2 /* BaseViewController.swift in Sources */ = {isa = PBXBuildFile; fileRef = 2CCB02FC2A93B116002773E2 /* BaseViewController.swift */; };
		2CCB03062A93BA78002773E2 /* Lora-Italic-VariableFont_wght.ttf in Resources */ = {isa = PBXBuildFile; fileRef = 2CCB03042A93BA78002773E2 /* Lora-Italic-VariableFont_wght.ttf */; };
		2CCB03072A93BA78002773E2 /* Lora-VariableFont_wght.ttf in Resources */ = {isa = PBXBuildFile; fileRef = 2CCB03052A93BA78002773E2 /* Lora-VariableFont_wght.ttf */; };
		2CCB030C2A93BB01002773E2 /* FontUtils.swift in Sources */ = {isa = PBXBuildFile; fileRef = 2CCB030B2A93BB01002773E2 /* FontUtils.swift */; };
		2CCB03152A93BB75002773E2 /* Lora-Medium.ttf in Resources */ = {isa = PBXBuildFile; fileRef = 2CCB030D2A93BB75002773E2 /* Lora-Medium.ttf */; };
		2CCB03162A93BB75002773E2 /* Lora-Bold.ttf in Resources */ = {isa = PBXBuildFile; fileRef = 2CCB030E2A93BB75002773E2 /* Lora-Bold.ttf */; };
		2CCB03172A93BB75002773E2 /* Lora-Italic.ttf in Resources */ = {isa = PBXBuildFile; fileRef = 2CCB030F2A93BB75002773E2 /* Lora-Italic.ttf */; };
		2CCB03182A93BB75002773E2 /* Lora-Regular.ttf in Resources */ = {isa = PBXBuildFile; fileRef = 2CCB03102A93BB75002773E2 /* Lora-Regular.ttf */; };
		2CCB031A2A93BB75002773E2 /* Lora-SemiBold.ttf in Resources */ = {isa = PBXBuildFile; fileRef = 2CCB03122A93BB75002773E2 /* Lora-SemiBold.ttf */; };
		2CCB031E2A93C0AE002773E2 /* ViewUtils.swift in Sources */ = {isa = PBXBuildFile; fileRef = 2CCB031D2A93C0AE002773E2 /* ViewUtils.swift */; };
		2CCB03202A93EB9A002773E2 /* RecipesViewController.swift in Sources */ = {isa = PBXBuildFile; fileRef = 2CCB031F2A93EB9A002773E2 /* RecipesViewController.swift */; };
		2CCB03222A93EBA9002773E2 /* IngredientsViewController.swift in Sources */ = {isa = PBXBuildFile; fileRef = 2CCB03212A93EBA9002773E2 /* IngredientsViewController.swift */; };
		2CCB03242A9558AE002773E2 /* ColorUtils.swift in Sources */ = {isa = PBXBuildFile; fileRef = 2CCB03232A9558AE002773E2 /* ColorUtils.swift */; };
		2CCB03272A955980002773E2 /* FridgeCell.swift in Sources */ = {isa = PBXBuildFile; fileRef = 2CCB03262A955980002773E2 /* FridgeCell.swift */; };
		2CCB03292A95598A002773E2 /* IngredientCell.swift in Sources */ = {isa = PBXBuildFile; fileRef = 2CCB03282A95598A002773E2 /* IngredientCell.swift */; };
		2CCB032B2A9559C2002773E2 /* RecipeCell.swift in Sources */ = {isa = PBXBuildFile; fileRef = 2CCB032A2A9559C2002773E2 /* RecipeCell.swift */; };
		2CCB03302A955C08002773E2 /* Ingredient.swift in Sources */ = {isa = PBXBuildFile; fileRef = 2CCB032F2A955C08002773E2 /* Ingredient.swift */; };
		2CCB03322A955D7B002773E2 /* Recipe.swift in Sources */ = {isa = PBXBuildFile; fileRef = 2CCB03312A955D7B002773E2 /* Recipe.swift */; };
		D92B6E0FB076C51552E963E5 /* Pods_FridgeKeeper.framework in Frameworks */ = {isa = PBXBuildFile; fileRef = 65120E4D8A5CC90107BDBB6E /* Pods_FridgeKeeper.framework */; };
/* End PBXBuildFile section */

/* Begin PBXContainerItemProxy section */
		2C1A4CFD2A7F53AB00C27B0F /* PBXContainerItemProxy */ = {
			isa = PBXContainerItemProxy;
			containerPortal = 2C1A4CDE2A7F53A900C27B0F /* Project object */;
			proxyType = 1;
			remoteGlobalIDString = 2C1A4CE52A7F53A900C27B0F;
			remoteInfo = FridgeKeeper;
		};
		2C1A4D072A7F53AB00C27B0F /* PBXContainerItemProxy */ = {
			isa = PBXContainerItemProxy;
			containerPortal = 2C1A4CDE2A7F53A900C27B0F /* Project object */;
			proxyType = 1;
			remoteGlobalIDString = 2C1A4CE52A7F53A900C27B0F;
			remoteInfo = FridgeKeeper;
		};
/* End PBXContainerItemProxy section */

/* Begin PBXFileReference section */
		1BEE21ABB2CCD7614376D181 /* Pods-FridgeKeeper.debug.xcconfig */ = {isa = PBXFileReference; includeInIndex = 1; lastKnownFileType = text.xcconfig; name = "Pods-FridgeKeeper.debug.xcconfig"; path = "Target Support Files/Pods-FridgeKeeper/Pods-FridgeKeeper.debug.xcconfig"; sourceTree = "<group>"; };
		2C1A4CE62A7F53A900C27B0F /* FridgeKeeper.app */ = {isa = PBXFileReference; explicitFileType = wrapper.application; includeInIndex = 0; path = FridgeKeeper.app; sourceTree = BUILT_PRODUCTS_DIR; };
		2C1A4CE92A7F53A900C27B0F /* AppDelegate.swift */ = {isa = PBXFileReference; lastKnownFileType = sourcecode.swift; path = AppDelegate.swift; sourceTree = "<group>"; };
		2C1A4CEB2A7F53A900C27B0F /* SceneDelegate.swift */ = {isa = PBXFileReference; lastKnownFileType = sourcecode.swift; path = SceneDelegate.swift; sourceTree = "<group>"; };
		2C1A4CED2A7F53A900C27B0F /* LoginViewController.swift */ = {isa = PBXFileReference; lastKnownFileType = sourcecode.swift; path = LoginViewController.swift; sourceTree = "<group>"; };
		2C1A4CF22A7F53AB00C27B0F /* Assets.xcassets */ = {isa = PBXFileReference; lastKnownFileType = folder.assetcatalog; path = Assets.xcassets; sourceTree = "<group>"; };
		2C1A4CF52A7F53AB00C27B0F /* Base */ = {isa = PBXFileReference; lastKnownFileType = file.storyboard; name = Base; path = Base.lproj/LaunchScreen.storyboard; sourceTree = "<group>"; };
		2C1A4CF72A7F53AB00C27B0F /* Info.plist */ = {isa = PBXFileReference; lastKnownFileType = text.plist.xml; path = Info.plist; sourceTree = "<group>"; };
		2C1A4CFC2A7F53AB00C27B0F /* FridgeKeeperTests.xctest */ = {isa = PBXFileReference; explicitFileType = wrapper.cfbundle; includeInIndex = 0; path = FridgeKeeperTests.xctest; sourceTree = BUILT_PRODUCTS_DIR; };
		2C1A4D002A7F53AB00C27B0F /* FridgeKeeperTests.swift */ = {isa = PBXFileReference; lastKnownFileType = sourcecode.swift; path = FridgeKeeperTests.swift; sourceTree = "<group>"; };
		2C1A4D062A7F53AB00C27B0F /* FridgeKeeperUITests.xctest */ = {isa = PBXFileReference; explicitFileType = wrapper.cfbundle; includeInIndex = 0; path = FridgeKeeperUITests.xctest; sourceTree = BUILT_PRODUCTS_DIR; };
		2C1A4D0A2A7F53AB00C27B0F /* FridgeKeeperUITests.swift */ = {isa = PBXFileReference; lastKnownFileType = sourcecode.swift; path = FridgeKeeperUITests.swift; sourceTree = "<group>"; };
		2C1A4D0C2A7F53AB00C27B0F /* FridgeKeeperUITestsLaunchTests.swift */ = {isa = PBXFileReference; lastKnownFileType = sourcecode.swift; path = FridgeKeeperUITestsLaunchTests.swift; sourceTree = "<group>"; };
		2C269B782A958301000A3BD5 /* Keys.swift */ = {isa = PBXFileReference; lastKnownFileType = sourcecode.swift; path = Keys.swift; sourceTree = "<group>"; };
		2C269B7A2A95839D000A3BD5 /* Keys.plist */ = {isa = PBXFileReference; lastKnownFileType = text.plist.xml; path = Keys.plist; sourceTree = "<group>"; };
		2C269B7C2A95846E000A3BD5 /* NetworkManager.swift */ = {isa = PBXFileReference; lastKnownFileType = sourcecode.swift; path = NetworkManager.swift; sourceTree = "<group>"; };
		2C269B822A958F6F000A3BD5 /* GoogleService-Info.plist */ = {isa = PBXFileReference; fileEncoding = 4; lastKnownFileType = text.plist.xml; path = "GoogleService-Info.plist"; sourceTree = "<group>"; };
		2C3C296F2A97F30C00F32C65 /* CustomSearchBar.swift */ = {isa = PBXFileReference; lastKnownFileType = sourcecode.swift; path = CustomSearchBar.swift; sourceTree = "<group>"; };
		2C8956302A97A061001A7A5E /* IngredientFilterCell.swift */ = {isa = PBXFileReference; lastKnownFileType = sourcecode.swift; path = IngredientFilterCell.swift; sourceTree = "<group>"; };
		2CCB02F82A93AD4D002773E2 /* HomeTabBarViewController.swift */ = {isa = PBXFileReference; lastKnownFileType = sourcecode.swift; path = HomeTabBarViewController.swift; sourceTree = "<group>"; };
		2CCB02FA2A93B104002773E2 /* HomeViewController.swift */ = {isa = PBXFileReference; lastKnownFileType = sourcecode.swift; path = HomeViewController.swift; sourceTree = "<group>"; };
		2CCB02FC2A93B116002773E2 /* BaseViewController.swift */ = {isa = PBXFileReference; lastKnownFileType = sourcecode.swift; path = BaseViewController.swift; sourceTree = "<group>"; };
		2CCB03042A93BA78002773E2 /* Lora-Italic-VariableFont_wght.ttf */ = {isa = PBXFileReference; lastKnownFileType = file; path = "Lora-Italic-VariableFont_wght.ttf"; sourceTree = "<group>"; };
		2CCB03052A93BA78002773E2 /* Lora-VariableFont_wght.ttf */ = {isa = PBXFileReference; lastKnownFileType = file; path = "Lora-VariableFont_wght.ttf"; sourceTree = "<group>"; };
		2CCB030B2A93BB01002773E2 /* FontUtils.swift */ = {isa = PBXFileReference; lastKnownFileType = sourcecode.swift; path = FontUtils.swift; sourceTree = "<group>"; };
		2CCB030D2A93BB75002773E2 /* Lora-Medium.ttf */ = {isa = PBXFileReference; lastKnownFileType = file; path = "Lora-Medium.ttf"; sourceTree = "<group>"; };
		2CCB030E2A93BB75002773E2 /* Lora-Bold.ttf */ = {isa = PBXFileReference; lastKnownFileType = file; path = "Lora-Bold.ttf"; sourceTree = "<group>"; };
		2CCB030F2A93BB75002773E2 /* Lora-Italic.ttf */ = {isa = PBXFileReference; lastKnownFileType = file; path = "Lora-Italic.ttf"; sourceTree = "<group>"; };
		2CCB03102A93BB75002773E2 /* Lora-Regular.ttf */ = {isa = PBXFileReference; lastKnownFileType = file; path = "Lora-Regular.ttf"; sourceTree = "<group>"; };
		2CCB03122A93BB75002773E2 /* Lora-SemiBold.ttf */ = {isa = PBXFileReference; lastKnownFileType = file; path = "Lora-SemiBold.ttf"; sourceTree = "<group>"; };
		2CCB031D2A93C0AE002773E2 /* ViewUtils.swift */ = {isa = PBXFileReference; lastKnownFileType = sourcecode.swift; path = ViewUtils.swift; sourceTree = "<group>"; };
		2CCB031F2A93EB9A002773E2 /* RecipesViewController.swift */ = {isa = PBXFileReference; lastKnownFileType = sourcecode.swift; path = RecipesViewController.swift; sourceTree = "<group>"; };
		2CCB03212A93EBA9002773E2 /* IngredientsViewController.swift */ = {isa = PBXFileReference; lastKnownFileType = sourcecode.swift; path = IngredientsViewController.swift; sourceTree = "<group>"; };
		2CCB03232A9558AE002773E2 /* ColorUtils.swift */ = {isa = PBXFileReference; lastKnownFileType = sourcecode.swift; path = ColorUtils.swift; sourceTree = "<group>"; };
		2CCB03262A955980002773E2 /* FridgeCell.swift */ = {isa = PBXFileReference; lastKnownFileType = sourcecode.swift; path = FridgeCell.swift; sourceTree = "<group>"; };
		2CCB03282A95598A002773E2 /* IngredientCell.swift */ = {isa = PBXFileReference; lastKnownFileType = sourcecode.swift; path = IngredientCell.swift; sourceTree = "<group>"; };
		2CCB032A2A9559C2002773E2 /* RecipeCell.swift */ = {isa = PBXFileReference; lastKnownFileType = sourcecode.swift; path = RecipeCell.swift; sourceTree = "<group>"; };
		2CCB032F2A955C08002773E2 /* Ingredient.swift */ = {isa = PBXFileReference; lastKnownFileType = sourcecode.swift; path = Ingredient.swift; sourceTree = "<group>"; };
		2CCB03312A955D7B002773E2 /* Recipe.swift */ = {isa = PBXFileReference; lastKnownFileType = sourcecode.swift; path = Recipe.swift; sourceTree = "<group>"; };
		65120E4D8A5CC90107BDBB6E /* Pods_FridgeKeeper.framework */ = {isa = PBXFileReference; explicitFileType = wrapper.framework; includeInIndex = 0; path = Pods_FridgeKeeper.framework; sourceTree = BUILT_PRODUCTS_DIR; };
		C2C5903F5E27C1CAA8FD53C0 /* Pods-FridgeKeeper.release.xcconfig */ = {isa = PBXFileReference; includeInIndex = 1; lastKnownFileType = text.xcconfig; name = "Pods-FridgeKeeper.release.xcconfig"; path = "Target Support Files/Pods-FridgeKeeper/Pods-FridgeKeeper.release.xcconfig"; sourceTree = "<group>"; };
/* End PBXFileReference section */

/* Begin PBXFrameworksBuildPhase section */
		2C1A4CE32A7F53A900C27B0F /* Frameworks */ = {
			isa = PBXFrameworksBuildPhase;
			buildActionMask = 2147483647;
			files = (
				D92B6E0FB076C51552E963E5 /* Pods_FridgeKeeper.framework in Frameworks */,
			);
			runOnlyForDeploymentPostprocessing = 0;
		};
		2C1A4CF92A7F53AB00C27B0F /* Frameworks */ = {
			isa = PBXFrameworksBuildPhase;
			buildActionMask = 2147483647;
			files = (
			);
			runOnlyForDeploymentPostprocessing = 0;
		};
		2C1A4D032A7F53AB00C27B0F /* Frameworks */ = {
			isa = PBXFrameworksBuildPhase;
			buildActionMask = 2147483647;
			files = (
			);
			runOnlyForDeploymentPostprocessing = 0;
		};
/* End PBXFrameworksBuildPhase section */

/* Begin PBXGroup section */
		2C1A4CDD2A7F53A900C27B0F = {
			isa = PBXGroup;
			children = (
				2C1A4CE82A7F53A900C27B0F /* FridgeKeeper */,
				2C1A4CFF2A7F53AB00C27B0F /* FridgeKeeperTests */,
				2C1A4D092A7F53AB00C27B0F /* FridgeKeeperUITests */,
				2C1A4CE72A7F53A900C27B0F /* Products */,
				F2FFE832D0A86CB0A95252EB /* Pods */,
				4E901247B91358BC75D1D7A0 /* Frameworks */,
			);
			sourceTree = "<group>";
		};
		2C1A4CE72A7F53A900C27B0F /* Products */ = {
			isa = PBXGroup;
			children = (
				2C1A4CE62A7F53A900C27B0F /* FridgeKeeper.app */,
				2C1A4CFC2A7F53AB00C27B0F /* FridgeKeeperTests.xctest */,
				2C1A4D062A7F53AB00C27B0F /* FridgeKeeperUITests.xctest */,
			);
			name = Products;
			sourceTree = "<group>";
		};
		2C1A4CE82A7F53A900C27B0F /* FridgeKeeper */ = {
			isa = PBXGroup;
			children = (
				2C1A4CE92A7F53A900C27B0F /* AppDelegate.swift */,
				2C1A4CEB2A7F53A900C27B0F /* SceneDelegate.swift */,
				2CCB032E2A955BFD002773E2 /* Models */,
				2CCB03002A93B131002773E2 /* View Controllers */,
				2CCB030A2A93BAF1002773E2 /* Utilities */,
				2CCB03032A93B176002773E2 /* Custom Views */,
				2C1A4CF22A7F53AB00C27B0F /* Assets.xcassets */,
				2C1A4CF42A7F53AB00C27B0F /* LaunchScreen.storyboard */,
				2C269B772A9582F0000A3BD5 /* Supporting */,
				2C1A4CF72A7F53AB00C27B0F /* Info.plist */,
				2C269B7C2A95846E000A3BD5 /* NetworkManager.swift */,
			);
			path = FridgeKeeper;
			sourceTree = "<group>";
		};
		2C1A4CFF2A7F53AB00C27B0F /* FridgeKeeperTests */ = {
			isa = PBXGroup;
			children = (
				2C1A4D002A7F53AB00C27B0F /* FridgeKeeperTests.swift */,
			);
			path = FridgeKeeperTests;
			sourceTree = "<group>";
		};
		2C1A4D092A7F53AB00C27B0F /* FridgeKeeperUITests */ = {
			isa = PBXGroup;
			children = (
				2C1A4D0A2A7F53AB00C27B0F /* FridgeKeeperUITests.swift */,
				2C1A4D0C2A7F53AB00C27B0F /* FridgeKeeperUITestsLaunchTests.swift */,
			);
			path = FridgeKeeperUITests;
			sourceTree = "<group>";
		};
		2C269B772A9582F0000A3BD5 /* Supporting */ = {
			isa = PBXGroup;
			children = (
				2CCB03092A93BA8F002773E2 /* Fonts */,
				2C269B782A958301000A3BD5 /* Keys.swift */,
				2C269B7A2A95839D000A3BD5 /* Keys.plist */,
				2C269B822A958F6F000A3BD5 /* GoogleService-Info.plist */,
			);
			path = Supporting;
			sourceTree = "<group>";
		};
		2CCB03002A93B131002773E2 /* View Controllers */ = {
			isa = PBXGroup;
			children = (
				2CCB03252A95596E002773E2 /* Cells */,
				2CCB02F82A93AD4D002773E2 /* HomeTabBarViewController.swift */,
				2C1A4CED2A7F53A900C27B0F /* LoginViewController.swift */,
				2CCB02FA2A93B104002773E2 /* HomeViewController.swift */,
				2CCB031F2A93EB9A002773E2 /* RecipesViewController.swift */,
				2CCB03212A93EBA9002773E2 /* IngredientsViewController.swift */,
			);
			path = "View Controllers";
			sourceTree = "<group>";
		};
		2CCB03032A93B176002773E2 /* Custom Views */ = {
			isa = PBXGroup;
			children = (
				2CCB02FC2A93B116002773E2 /* BaseViewController.swift */,
				2C3C296F2A97F30C00F32C65 /* CustomSearchBar.swift */,
			);
			path = "Custom Views";
			sourceTree = "<group>";
		};
		2CCB03082A93BA85002773E2 /* Lora */ = {
			isa = PBXGroup;
			children = (
				2CCB030E2A93BB75002773E2 /* Lora-Bold.ttf */,
				2CCB030F2A93BB75002773E2 /* Lora-Italic.ttf */,
				2CCB030D2A93BB75002773E2 /* Lora-Medium.ttf */,
				2CCB03102A93BB75002773E2 /* Lora-Regular.ttf */,
				2CCB03122A93BB75002773E2 /* Lora-SemiBold.ttf */,
				2CCB03042A93BA78002773E2 /* Lora-Italic-VariableFont_wght.ttf */,
				2CCB03052A93BA78002773E2 /* Lora-VariableFont_wght.ttf */,
			);
			path = Lora;
			sourceTree = "<group>";
		};
		2CCB03092A93BA8F002773E2 /* Fonts */ = {
			isa = PBXGroup;
			children = (
				2CCB03082A93BA85002773E2 /* Lora */,
			);
			path = Fonts;
			sourceTree = "<group>";
		};
		2CCB030A2A93BAF1002773E2 /* Utilities */ = {
			isa = PBXGroup;
			children = (
				2CCB030B2A93BB01002773E2 /* FontUtils.swift */,
				2CCB03232A9558AE002773E2 /* ColorUtils.swift */,
				2CCB031D2A93C0AE002773E2 /* ViewUtils.swift */,
			);
			path = Utilities;
			sourceTree = "<group>";
		};
		2CCB03252A95596E002773E2 /* Cells */ = {
			isa = PBXGroup;
			children = (
				2CCB03262A955980002773E2 /* FridgeCell.swift */,
				2CCB03282A95598A002773E2 /* IngredientCell.swift */,
				2CCB032A2A9559C2002773E2 /* RecipeCell.swift */,
				2C8956302A97A061001A7A5E /* IngredientFilterCell.swift */,
			);
			path = Cells;
			sourceTree = "<group>";
		};
		2CCB032E2A955BFD002773E2 /* Models */ = {
			isa = PBXGroup;
			children = (
				2CCB032F2A955C08002773E2 /* Ingredient.swift */,
				2CCB03312A955D7B002773E2 /* Recipe.swift */,
			);
			path = Models;
			sourceTree = "<group>";
		};
		4E901247B91358BC75D1D7A0 /* Frameworks */ = {
			isa = PBXGroup;
			children = (
				65120E4D8A5CC90107BDBB6E /* Pods_FridgeKeeper.framework */,
			);
			name = Frameworks;
			sourceTree = "<group>";
		};
		F2FFE832D0A86CB0A95252EB /* Pods */ = {
			isa = PBXGroup;
			children = (
				1BEE21ABB2CCD7614376D181 /* Pods-FridgeKeeper.debug.xcconfig */,
				C2C5903F5E27C1CAA8FD53C0 /* Pods-FridgeKeeper.release.xcconfig */,
			);
			path = Pods;
			sourceTree = "<group>";
		};
/* End PBXGroup section */

/* Begin PBXNativeTarget section */
		2C1A4CE52A7F53A900C27B0F /* FridgeKeeper */ = {
			isa = PBXNativeTarget;
			buildConfigurationList = 2C1A4D102A7F53AB00C27B0F /* Build configuration list for PBXNativeTarget "FridgeKeeper" */;
			buildPhases = (
				BF878F400575D601AD26158A /* [CP] Check Pods Manifest.lock */,
				2C1A4CE22A7F53A900C27B0F /* Sources */,
				2C1A4CE32A7F53A900C27B0F /* Frameworks */,
				2C1A4CE42A7F53A900C27B0F /* Resources */,
				97EC58293F0334872560FFD9 /* [CP] Embed Pods Frameworks */,
			);
			buildRules = (
			);
			dependencies = (
			);
			name = FridgeKeeper;
			productName = FridgeKeeper;
			productReference = 2C1A4CE62A7F53A900C27B0F /* FridgeKeeper.app */;
			productType = "com.apple.product-type.application";
		};
		2C1A4CFB2A7F53AB00C27B0F /* FridgeKeeperTests */ = {
			isa = PBXNativeTarget;
			buildConfigurationList = 2C1A4D132A7F53AB00C27B0F /* Build configuration list for PBXNativeTarget "FridgeKeeperTests" */;
			buildPhases = (
				2C1A4CF82A7F53AB00C27B0F /* Sources */,
				2C1A4CF92A7F53AB00C27B0F /* Frameworks */,
				2C1A4CFA2A7F53AB00C27B0F /* Resources */,
			);
			buildRules = (
			);
			dependencies = (
				2C1A4CFE2A7F53AB00C27B0F /* PBXTargetDependency */,
			);
			name = FridgeKeeperTests;
			productName = FridgeKeeperTests;
			productReference = 2C1A4CFC2A7F53AB00C27B0F /* FridgeKeeperTests.xctest */;
			productType = "com.apple.product-type.bundle.unit-test";
		};
		2C1A4D052A7F53AB00C27B0F /* FridgeKeeperUITests */ = {
			isa = PBXNativeTarget;
			buildConfigurationList = 2C1A4D162A7F53AB00C27B0F /* Build configuration list for PBXNativeTarget "FridgeKeeperUITests" */;
			buildPhases = (
				2C1A4D022A7F53AB00C27B0F /* Sources */,
				2C1A4D032A7F53AB00C27B0F /* Frameworks */,
				2C1A4D042A7F53AB00C27B0F /* Resources */,
			);
			buildRules = (
			);
			dependencies = (
				2C1A4D082A7F53AB00C27B0F /* PBXTargetDependency */,
			);
			name = FridgeKeeperUITests;
			productName = FridgeKeeperUITests;
			productReference = 2C1A4D062A7F53AB00C27B0F /* FridgeKeeperUITests.xctest */;
			productType = "com.apple.product-type.bundle.ui-testing";
		};
/* End PBXNativeTarget section */

/* Begin PBXProject section */
		2C1A4CDE2A7F53A900C27B0F /* Project object */ = {
			isa = PBXProject;
			attributes = {
				BuildIndependentTargetsInParallel = 1;
				LastSwiftUpdateCheck = 1410;
				LastUpgradeCheck = 1410;
				TargetAttributes = {
					2C1A4CE52A7F53A900C27B0F = {
						CreatedOnToolsVersion = 14.1;
					};
					2C1A4CFB2A7F53AB00C27B0F = {
						CreatedOnToolsVersion = 14.1;
						TestTargetID = 2C1A4CE52A7F53A900C27B0F;
					};
					2C1A4D052A7F53AB00C27B0F = {
						CreatedOnToolsVersion = 14.1;
						TestTargetID = 2C1A4CE52A7F53A900C27B0F;
					};
				};
			};
			buildConfigurationList = 2C1A4CE12A7F53A900C27B0F /* Build configuration list for PBXProject "FridgeKeeper" */;
			compatibilityVersion = "Xcode 14.0";
			developmentRegion = en;
			hasScannedForEncodings = 0;
			knownRegions = (
				en,
				Base,
			);
			mainGroup = 2C1A4CDD2A7F53A900C27B0F;
			productRefGroup = 2C1A4CE72A7F53A900C27B0F /* Products */;
			projectDirPath = "";
			projectRoot = "";
			targets = (
				2C1A4CE52A7F53A900C27B0F /* FridgeKeeper */,
				2C1A4CFB2A7F53AB00C27B0F /* FridgeKeeperTests */,
				2C1A4D052A7F53AB00C27B0F /* FridgeKeeperUITests */,
			);
		};
/* End PBXProject section */

/* Begin PBXResourcesBuildPhase section */
		2C1A4CE42A7F53A900C27B0F /* Resources */ = {
			isa = PBXResourcesBuildPhase;
			buildActionMask = 2147483647;
			files = (
				2CCB03152A93BB75002773E2 /* Lora-Medium.ttf in Resources */,
				2CCB031A2A93BB75002773E2 /* Lora-SemiBold.ttf in Resources */,
				2CCB03182A93BB75002773E2 /* Lora-Regular.ttf in Resources */,
				2CCB03172A93BB75002773E2 /* Lora-Italic.ttf in Resources */,
				2C269B7B2A95839D000A3BD5 /* Keys.plist in Resources */,
				2C269B832A958F6F000A3BD5 /* GoogleService-Info.plist in Resources */,
				2C1A4CF62A7F53AB00C27B0F /* LaunchScreen.storyboard in Resources */,
				2CCB03062A93BA78002773E2 /* Lora-Italic-VariableFont_wght.ttf in Resources */,
				2CCB03162A93BB75002773E2 /* Lora-Bold.ttf in Resources */,
				2C1A4CF32A7F53AB00C27B0F /* Assets.xcassets in Resources */,
				2CCB03072A93BA78002773E2 /* Lora-VariableFont_wght.ttf in Resources */,
			);
			runOnlyForDeploymentPostprocessing = 0;
		};
		2C1A4CFA2A7F53AB00C27B0F /* Resources */ = {
			isa = PBXResourcesBuildPhase;
			buildActionMask = 2147483647;
			files = (
			);
			runOnlyForDeploymentPostprocessing = 0;
		};
		2C1A4D042A7F53AB00C27B0F /* Resources */ = {
			isa = PBXResourcesBuildPhase;
			buildActionMask = 2147483647;
			files = (
			);
			runOnlyForDeploymentPostprocessing = 0;
		};
/* End PBXResourcesBuildPhase section */

/* Begin PBXShellScriptBuildPhase section */
		97EC58293F0334872560FFD9 /* [CP] Embed Pods Frameworks */ = {
			isa = PBXShellScriptBuildPhase;
			buildActionMask = 2147483647;
			files = (
			);
			inputFileListPaths = (
				"${PODS_ROOT}/Target Support Files/Pods-FridgeKeeper/Pods-FridgeKeeper-frameworks-${CONFIGURATION}-input-files.xcfilelist",
			);
			name = "[CP] Embed Pods Frameworks";
			outputFileListPaths = (
				"${PODS_ROOT}/Target Support Files/Pods-FridgeKeeper/Pods-FridgeKeeper-frameworks-${CONFIGURATION}-output-files.xcfilelist",
			);
			runOnlyForDeploymentPostprocessing = 0;
			shellPath = /bin/sh;
			shellScript = "\"${PODS_ROOT}/Target Support Files/Pods-FridgeKeeper/Pods-FridgeKeeper-frameworks.sh\"\n";
			showEnvVarsInLog = 0;
		};
		BF878F400575D601AD26158A /* [CP] Check Pods Manifest.lock */ = {
			isa = PBXShellScriptBuildPhase;
			buildActionMask = 2147483647;
			files = (
			);
			inputFileListPaths = (
			);
			inputPaths = (
				"${PODS_PODFILE_DIR_PATH}/Podfile.lock",
				"${PODS_ROOT}/Manifest.lock",
			);
			name = "[CP] Check Pods Manifest.lock";
			outputFileListPaths = (
			);
			outputPaths = (
				"$(DERIVED_FILE_DIR)/Pods-FridgeKeeper-checkManifestLockResult.txt",
			);
			runOnlyForDeploymentPostprocessing = 0;
			shellPath = /bin/sh;
			shellScript = "diff \"${PODS_PODFILE_DIR_PATH}/Podfile.lock\" \"${PODS_ROOT}/Manifest.lock\" > /dev/null\nif [ $? != 0 ] ; then\n    # print error to STDERR\n    echo \"error: The sandbox is not in sync with the Podfile.lock. Run 'pod install' or update your CocoaPods installation.\" >&2\n    exit 1\nfi\n# This output is used by Xcode 'outputs' to avoid re-running this script phase.\necho \"SUCCESS\" > \"${SCRIPT_OUTPUT_FILE_0}\"\n";
			showEnvVarsInLog = 0;
		};
/* End PBXShellScriptBuildPhase section */

/* Begin PBXSourcesBuildPhase section */
		2C1A4CE22A7F53A900C27B0F /* Sources */ = {
			isa = PBXSourcesBuildPhase;
			buildActionMask = 2147483647;
			files = (
				2C269B7D2A95846E000A3BD5 /* NetworkManager.swift in Sources */,
				2C8956312A97A061001A7A5E /* IngredientFilterCell.swift in Sources */,
				2C3C29702A97F30C00F32C65 /* CustomSearchBar.swift in Sources */,
				2CCB02FB2A93B104002773E2 /* HomeViewController.swift in Sources */,
				2C269B792A958301000A3BD5 /* Keys.swift in Sources */,
				2CCB03202A93EB9A002773E2 /* RecipesViewController.swift in Sources */,
				2CCB03302A955C08002773E2 /* Ingredient.swift in Sources */,
				2C1A4CEE2A7F53A900C27B0F /* LoginViewController.swift in Sources */,
				2CCB032B2A9559C2002773E2 /* RecipeCell.swift in Sources */,
				2CCB030C2A93BB01002773E2 /* FontUtils.swift in Sources */,
				2CCB02F92A93AD4D002773E2 /* HomeTabBarViewController.swift in Sources */,
				2CCB03292A95598A002773E2 /* IngredientCell.swift in Sources */,
				2CCB03222A93EBA9002773E2 /* IngredientsViewController.swift in Sources */,
				2C1A4CEA2A7F53A900C27B0F /* AppDelegate.swift in Sources */,
				2C1A4CEC2A7F53A900C27B0F /* SceneDelegate.swift in Sources */,
				2CCB03272A955980002773E2 /* FridgeCell.swift in Sources */,
				2CCB03242A9558AE002773E2 /* ColorUtils.swift in Sources */,
				2CCB031E2A93C0AE002773E2 /* ViewUtils.swift in Sources */,
				2CCB02FD2A93B116002773E2 /* BaseViewController.swift in Sources */,
				2CCB03322A955D7B002773E2 /* Recipe.swift in Sources */,
			);
			runOnlyForDeploymentPostprocessing = 0;
		};
		2C1A4CF82A7F53AB00C27B0F /* Sources */ = {
			isa = PBXSourcesBuildPhase;
			buildActionMask = 2147483647;
			files = (
				2C1A4D012A7F53AB00C27B0F /* FridgeKeeperTests.swift in Sources */,
			);
			runOnlyForDeploymentPostprocessing = 0;
		};
		2C1A4D022A7F53AB00C27B0F /* Sources */ = {
			isa = PBXSourcesBuildPhase;
			buildActionMask = 2147483647;
			files = (
				2C1A4D0B2A7F53AB00C27B0F /* FridgeKeeperUITests.swift in Sources */,
				2C1A4D0D2A7F53AB00C27B0F /* FridgeKeeperUITestsLaunchTests.swift in Sources */,
			);
			runOnlyForDeploymentPostprocessing = 0;
		};
/* End PBXSourcesBuildPhase section */

/* Begin PBXTargetDependency section */
		2C1A4CFE2A7F53AB00C27B0F /* PBXTargetDependency */ = {
			isa = PBXTargetDependency;
			target = 2C1A4CE52A7F53A900C27B0F /* FridgeKeeper */;
			targetProxy = 2C1A4CFD2A7F53AB00C27B0F /* PBXContainerItemProxy */;
		};
		2C1A4D082A7F53AB00C27B0F /* PBXTargetDependency */ = {
			isa = PBXTargetDependency;
			target = 2C1A4CE52A7F53A900C27B0F /* FridgeKeeper */;
			targetProxy = 2C1A4D072A7F53AB00C27B0F /* PBXContainerItemProxy */;
		};
/* End PBXTargetDependency section */

/* Begin PBXVariantGroup section */
		2C1A4CF42A7F53AB00C27B0F /* LaunchScreen.storyboard */ = {
			isa = PBXVariantGroup;
			children = (
				2C1A4CF52A7F53AB00C27B0F /* Base */,
			);
			name = LaunchScreen.storyboard;
			sourceTree = "<group>";
		};
/* End PBXVariantGroup section */

/* Begin XCBuildConfiguration section */
		2C1A4D0E2A7F53AB00C27B0F /* Debug */ = {
			isa = XCBuildConfiguration;
			buildSettings = {
				ALWAYS_SEARCH_USER_PATHS = NO;
				CLANG_ANALYZER_NONNULL = YES;
				CLANG_ANALYZER_NUMBER_OBJECT_CONVERSION = YES_AGGRESSIVE;
				CLANG_CXX_LANGUAGE_STANDARD = "gnu++20";
				CLANG_ENABLE_MODULES = YES;
				CLANG_ENABLE_OBJC_ARC = YES;
				CLANG_ENABLE_OBJC_WEAK = YES;
				CLANG_WARN_BLOCK_CAPTURE_AUTORELEASING = YES;
				CLANG_WARN_BOOL_CONVERSION = YES;
				CLANG_WARN_COMMA = YES;
				CLANG_WARN_CONSTANT_CONVERSION = YES;
				CLANG_WARN_DEPRECATED_OBJC_IMPLEMENTATIONS = YES;
				CLANG_WARN_DIRECT_OBJC_ISA_USAGE = YES_ERROR;
				CLANG_WARN_DOCUMENTATION_COMMENTS = YES;
				CLANG_WARN_EMPTY_BODY = YES;
				CLANG_WARN_ENUM_CONVERSION = YES;
				CLANG_WARN_INFINITE_RECURSION = YES;
				CLANG_WARN_INT_CONVERSION = YES;
				CLANG_WARN_NON_LITERAL_NULL_CONVERSION = YES;
				CLANG_WARN_OBJC_IMPLICIT_RETAIN_SELF = YES;
				CLANG_WARN_OBJC_LITERAL_CONVERSION = YES;
				CLANG_WARN_OBJC_ROOT_CLASS = YES_ERROR;
				CLANG_WARN_QUOTED_INCLUDE_IN_FRAMEWORK_HEADER = YES;
				CLANG_WARN_RANGE_LOOP_ANALYSIS = YES;
				CLANG_WARN_STRICT_PROTOTYPES = YES;
				CLANG_WARN_SUSPICIOUS_MOVE = YES;
				CLANG_WARN_UNGUARDED_AVAILABILITY = YES_AGGRESSIVE;
				CLANG_WARN_UNREACHABLE_CODE = YES;
				CLANG_WARN__DUPLICATE_METHOD_MATCH = YES;
				COPY_PHASE_STRIP = NO;
				DEBUG_INFORMATION_FORMAT = dwarf;
				ENABLE_STRICT_OBJC_MSGSEND = YES;
				ENABLE_TESTABILITY = YES;
				GCC_C_LANGUAGE_STANDARD = gnu11;
				GCC_DYNAMIC_NO_PIC = NO;
				GCC_NO_COMMON_BLOCKS = YES;
				GCC_OPTIMIZATION_LEVEL = 0;
				GCC_PREPROCESSOR_DEFINITIONS = (
					"DEBUG=1",
					"$(inherited)",
				);
				GCC_WARN_64_TO_32_BIT_CONVERSION = YES;
				GCC_WARN_ABOUT_RETURN_TYPE = YES_ERROR;
				GCC_WARN_UNDECLARED_SELECTOR = YES;
				GCC_WARN_UNINITIALIZED_AUTOS = YES_AGGRESSIVE;
				GCC_WARN_UNUSED_FUNCTION = YES;
				GCC_WARN_UNUSED_VARIABLE = YES;
				IPHONEOS_DEPLOYMENT_TARGET = 16.1;
				MTL_ENABLE_DEBUG_INFO = INCLUDE_SOURCE;
				MTL_FAST_MATH = YES;
				ONLY_ACTIVE_ARCH = YES;
				SDKROOT = iphoneos;
				SWIFT_ACTIVE_COMPILATION_CONDITIONS = DEBUG;
				SWIFT_OPTIMIZATION_LEVEL = "-Onone";
			};
			name = Debug;
		};
		2C1A4D0F2A7F53AB00C27B0F /* Release */ = {
			isa = XCBuildConfiguration;
			buildSettings = {
				ALWAYS_SEARCH_USER_PATHS = NO;
				CLANG_ANALYZER_NONNULL = YES;
				CLANG_ANALYZER_NUMBER_OBJECT_CONVERSION = YES_AGGRESSIVE;
				CLANG_CXX_LANGUAGE_STANDARD = "gnu++20";
				CLANG_ENABLE_MODULES = YES;
				CLANG_ENABLE_OBJC_ARC = YES;
				CLANG_ENABLE_OBJC_WEAK = YES;
				CLANG_WARN_BLOCK_CAPTURE_AUTORELEASING = YES;
				CLANG_WARN_BOOL_CONVERSION = YES;
				CLANG_WARN_COMMA = YES;
				CLANG_WARN_CONSTANT_CONVERSION = YES;
				CLANG_WARN_DEPRECATED_OBJC_IMPLEMENTATIONS = YES;
				CLANG_WARN_DIRECT_OBJC_ISA_USAGE = YES_ERROR;
				CLANG_WARN_DOCUMENTATION_COMMENTS = YES;
				CLANG_WARN_EMPTY_BODY = YES;
				CLANG_WARN_ENUM_CONVERSION = YES;
				CLANG_WARN_INFINITE_RECURSION = YES;
				CLANG_WARN_INT_CONVERSION = YES;
				CLANG_WARN_NON_LITERAL_NULL_CONVERSION = YES;
				CLANG_WARN_OBJC_IMPLICIT_RETAIN_SELF = YES;
				CLANG_WARN_OBJC_LITERAL_CONVERSION = YES;
				CLANG_WARN_OBJC_ROOT_CLASS = YES_ERROR;
				CLANG_WARN_QUOTED_INCLUDE_IN_FRAMEWORK_HEADER = YES;
				CLANG_WARN_RANGE_LOOP_ANALYSIS = YES;
				CLANG_WARN_STRICT_PROTOTYPES = YES;
				CLANG_WARN_SUSPICIOUS_MOVE = YES;
				CLANG_WARN_UNGUARDED_AVAILABILITY = YES_AGGRESSIVE;
				CLANG_WARN_UNREACHABLE_CODE = YES;
				CLANG_WARN__DUPLICATE_METHOD_MATCH = YES;
				COPY_PHASE_STRIP = NO;
				DEBUG_INFORMATION_FORMAT = "dwarf-with-dsym";
				ENABLE_NS_ASSERTIONS = NO;
				ENABLE_STRICT_OBJC_MSGSEND = YES;
				GCC_C_LANGUAGE_STANDARD = gnu11;
				GCC_NO_COMMON_BLOCKS = YES;
				GCC_WARN_64_TO_32_BIT_CONVERSION = YES;
				GCC_WARN_ABOUT_RETURN_TYPE = YES_ERROR;
				GCC_WARN_UNDECLARED_SELECTOR = YES;
				GCC_WARN_UNINITIALIZED_AUTOS = YES_AGGRESSIVE;
				GCC_WARN_UNUSED_FUNCTION = YES;
				GCC_WARN_UNUSED_VARIABLE = YES;
				IPHONEOS_DEPLOYMENT_TARGET = 16.1;
				MTL_ENABLE_DEBUG_INFO = NO;
				MTL_FAST_MATH = YES;
				SDKROOT = iphoneos;
				SWIFT_COMPILATION_MODE = wholemodule;
				SWIFT_OPTIMIZATION_LEVEL = "-O";
				VALIDATE_PRODUCT = YES;
			};
			name = Release;
		};
		2C1A4D112A7F53AB00C27B0F /* Debug */ = {
			isa = XCBuildConfiguration;
			baseConfigurationReference = 1BEE21ABB2CCD7614376D181 /* Pods-FridgeKeeper.debug.xcconfig */;
			buildSettings = {
				ASSETCATALOG_COMPILER_APPICON_NAME = AppIcon;
				ASSETCATALOG_COMPILER_GLOBAL_ACCENT_COLOR_NAME = AccentColor;
				CODE_SIGN_IDENTITY = "Apple Development";
				CODE_SIGN_STYLE = Automatic;
				CURRENT_PROJECT_VERSION = 1;
				DEVELOPMENT_TEAM = "";
				GENERATE_INFOPLIST_FILE = YES;
				INFOPLIST_FILE = FridgeKeeper/Info.plist;
				INFOPLIST_KEY_CFBundleDisplayName = FridgeKeeper;
				INFOPLIST_KEY_UIApplicationSupportsIndirectInputEvents = YES;
				INFOPLIST_KEY_UILaunchStoryboardName = LaunchScreen;
				INFOPLIST_KEY_UISupportedInterfaceOrientations_iPad = "UIInterfaceOrientationPortrait UIInterfaceOrientationPortraitUpsideDown UIInterfaceOrientationLandscapeLeft UIInterfaceOrientationLandscapeRight";
				INFOPLIST_KEY_UISupportedInterfaceOrientations_iPhone = "UIInterfaceOrientationPortrait UIInterfaceOrientationLandscapeLeft UIInterfaceOrientationLandscapeRight";
				LD_RUNPATH_SEARCH_PATHS = (
					"$(inherited)",
					"@executable_path/Frameworks",
				);
				MARKETING_VERSION = 1.0;
				PRODUCT_BUNDLE_IDENTIFIER = NPRS.FridgeKeeper;
				PRODUCT_NAME = "$(TARGET_NAME)";
				PROVISIONING_PROFILE_SPECIFIER = "";
				SWIFT_EMIT_LOC_STRINGS = YES;
				SWIFT_VERSION = 5.0;
				TARGETED_DEVICE_FAMILY = "1,2";
			};
			name = Debug;
		};
		2C1A4D122A7F53AB00C27B0F /* Release */ = {
			isa = XCBuildConfiguration;
			baseConfigurationReference = C2C5903F5E27C1CAA8FD53C0 /* Pods-FridgeKeeper.release.xcconfig */;
			buildSettings = {
				ASSETCATALOG_COMPILER_APPICON_NAME = AppIcon;
				ASSETCATALOG_COMPILER_GLOBAL_ACCENT_COLOR_NAME = AccentColor;
				CODE_SIGN_IDENTITY = "Apple Development";
				CODE_SIGN_STYLE = Automatic;
				CURRENT_PROJECT_VERSION = 1;
				DEVELOPMENT_TEAM = "";
				GENERATE_INFOPLIST_FILE = YES;
				INFOPLIST_FILE = FridgeKeeper/Info.plist;
				INFOPLIST_KEY_CFBundleDisplayName = FridgeKeeper;
				INFOPLIST_KEY_UIApplicationSupportsIndirectInputEvents = YES;
				INFOPLIST_KEY_UILaunchStoryboardName = LaunchScreen;
				INFOPLIST_KEY_UISupportedInterfaceOrientations_iPad = "UIInterfaceOrientationPortrait UIInterfaceOrientationPortraitUpsideDown UIInterfaceOrientationLandscapeLeft UIInterfaceOrientationLandscapeRight";
				INFOPLIST_KEY_UISupportedInterfaceOrientations_iPhone = "UIInterfaceOrientationPortrait UIInterfaceOrientationLandscapeLeft UIInterfaceOrientationLandscapeRight";
				LD_RUNPATH_SEARCH_PATHS = (
					"$(inherited)",
					"@executable_path/Frameworks",
				);
				MARKETING_VERSION = 1.0;
				PRODUCT_BUNDLE_IDENTIFIER = NPRS.FridgeKeeper;
				PRODUCT_NAME = "$(TARGET_NAME)";
				PROVISIONING_PROFILE_SPECIFIER = "";
				SWIFT_EMIT_LOC_STRINGS = YES;
				SWIFT_VERSION = 5.0;
				TARGETED_DEVICE_FAMILY = "1,2";
			};
			name = Release;
		};
		2C1A4D142A7F53AB00C27B0F /* Debug */ = {
			isa = XCBuildConfiguration;
			buildSettings = {
				ALWAYS_EMBED_SWIFT_STANDARD_LIBRARIES = YES;
				BUNDLE_LOADER = "$(TEST_HOST)";
				CODE_SIGN_STYLE = Automatic;
				CURRENT_PROJECT_VERSION = 1;
				GENERATE_INFOPLIST_FILE = YES;
				IPHONEOS_DEPLOYMENT_TARGET = 16.1;
				MARKETING_VERSION = 1.0;
				PRODUCT_BUNDLE_IDENTIFIER = NPRS.FridgeKeeperTests;
				PRODUCT_NAME = "$(TARGET_NAME)";
				SWIFT_EMIT_LOC_STRINGS = NO;
				SWIFT_VERSION = 5.0;
				TARGETED_DEVICE_FAMILY = "1,2";
				TEST_HOST = "$(BUILT_PRODUCTS_DIR)/FridgeKeeper.app/$(BUNDLE_EXECUTABLE_FOLDER_PATH)/FridgeKeeper";
			};
			name = Debug;
		};
		2C1A4D152A7F53AB00C27B0F /* Release */ = {
			isa = XCBuildConfiguration;
			buildSettings = {
				ALWAYS_EMBED_SWIFT_STANDARD_LIBRARIES = YES;
				BUNDLE_LOADER = "$(TEST_HOST)";
				CODE_SIGN_STYLE = Automatic;
				CURRENT_PROJECT_VERSION = 1;
				GENERATE_INFOPLIST_FILE = YES;
				IPHONEOS_DEPLOYMENT_TARGET = 16.1;
				MARKETING_VERSION = 1.0;
				PRODUCT_BUNDLE_IDENTIFIER = NPRS.FridgeKeeperTests;
				PRODUCT_NAME = "$(TARGET_NAME)";
				SWIFT_EMIT_LOC_STRINGS = NO;
				SWIFT_VERSION = 5.0;
				TARGETED_DEVICE_FAMILY = "1,2";
				TEST_HOST = "$(BUILT_PRODUCTS_DIR)/FridgeKeeper.app/$(BUNDLE_EXECUTABLE_FOLDER_PATH)/FridgeKeeper";
			};
			name = Release;
		};
		2C1A4D172A7F53AB00C27B0F /* Debug */ = {
			isa = XCBuildConfiguration;
			buildSettings = {
				ALWAYS_EMBED_SWIFT_STANDARD_LIBRARIES = YES;
				CODE_SIGN_STYLE = Automatic;
				CURRENT_PROJECT_VERSION = 1;
				GENERATE_INFOPLIST_FILE = YES;
				MARKETING_VERSION = 1.0;
				PRODUCT_BUNDLE_IDENTIFIER = NPRS.FridgeKeeperUITests;
				PRODUCT_NAME = "$(TARGET_NAME)";
				SWIFT_EMIT_LOC_STRINGS = NO;
				SWIFT_VERSION = 5.0;
				TARGETED_DEVICE_FAMILY = "1,2";
				TEST_TARGET_NAME = FridgeKeeper;
			};
			name = Debug;
		};
		2C1A4D182A7F53AB00C27B0F /* Release */ = {
			isa = XCBuildConfiguration;
			buildSettings = {
				ALWAYS_EMBED_SWIFT_STANDARD_LIBRARIES = YES;
				CODE_SIGN_STYLE = Automatic;
				CURRENT_PROJECT_VERSION = 1;
				GENERATE_INFOPLIST_FILE = YES;
				MARKETING_VERSION = 1.0;
				PRODUCT_BUNDLE_IDENTIFIER = NPRS.FridgeKeeperUITests;
				PRODUCT_NAME = "$(TARGET_NAME)";
				SWIFT_EMIT_LOC_STRINGS = NO;
				SWIFT_VERSION = 5.0;
				TARGETED_DEVICE_FAMILY = "1,2";
				TEST_TARGET_NAME = FridgeKeeper;
			};
			name = Release;
		};
/* End XCBuildConfiguration section */

/* Begin XCConfigurationList section */
		2C1A4CE12A7F53A900C27B0F /* Build configuration list for PBXProject "FridgeKeeper" */ = {
			isa = XCConfigurationList;
			buildConfigurations = (
				2C1A4D0E2A7F53AB00C27B0F /* Debug */,
				2C1A4D0F2A7F53AB00C27B0F /* Release */,
			);
			defaultConfigurationIsVisible = 0;
			defaultConfigurationName = Release;
		};
		2C1A4D102A7F53AB00C27B0F /* Build configuration list for PBXNativeTarget "FridgeKeeper" */ = {
			isa = XCConfigurationList;
			buildConfigurations = (
				2C1A4D112A7F53AB00C27B0F /* Debug */,
				2C1A4D122A7F53AB00C27B0F /* Release */,
			);
			defaultConfigurationIsVisible = 0;
			defaultConfigurationName = Release;
		};
		2C1A4D132A7F53AB00C27B0F /* Build configuration list for PBXNativeTarget "FridgeKeeperTests" */ = {
			isa = XCConfigurationList;
			buildConfigurations = (
				2C1A4D142A7F53AB00C27B0F /* Debug */,
				2C1A4D152A7F53AB00C27B0F /* Release */,
			);
			defaultConfigurationIsVisible = 0;
			defaultConfigurationName = Release;
		};
		2C1A4D162A7F53AB00C27B0F /* Build configuration list for PBXNativeTarget "FridgeKeeperUITests" */ = {
			isa = XCConfigurationList;
			buildConfigurations = (
				2C1A4D172A7F53AB00C27B0F /* Debug */,
				2C1A4D182A7F53AB00C27B0F /* Release */,
			);
			defaultConfigurationIsVisible = 0;
			defaultConfigurationName = Release;
		};
/* End XCConfigurationList section */
	};
	rootObject = 2C1A4CDE2A7F53A900C27B0F /* Project object */;
}
